{
  "name": "php_crud-1",
  "lockfileVersion": 3,
  "requires": true,
  "packages": {
    "": {
      "dependencies": {
        "@eventide/message-db": "^1.3.1"
      }
    },
    "node_modules/@eventide/message-db": {
      "version": "1.3.1",
      "resolved": "https://registry.npmjs.org/@eventide/message-db/-/message-db-1.3.1.tgz",
      "integrity": "sha512-n3hdE5YAZNXTr2HK9gG0GJ6dusgdE544LTvS+21/yOEHBvNuUzNmXXw5vS05vpe6RSuhzTRy5Wg0q7c1VfJg+A==",
      "license": "MIT"
    }
  }
}
